
Microsoft Visual Studio Solution File, Format Version 12.00
# Visual Studio Version 17
VisualStudioVersion = 17.14.36127.28
MinimumVisualStudioVersion = 10.0.40219.1
Project("{FAE04EC0-301F-11D3-BF4B-00C04F79EFBC}") = "TPSasiaReColombaraCenturion", "TPSasiaReColombaraCenturion.csproj", "{FCCC84D7-2E1E-4977-9F48-A7F05CE75794}"
EndProject
Global
	GlobalSection(SolutionConfigurationPlatforms) = preSolution
		Debug|Any CPU = Debug|Any CPU
		Release|Any CPU = Release|Any CPU
	EndGlobalSection
	GlobalSection(ProjectConfigurationPlatforms) = postSolution
		{FCCC84D7-2E1E-4977-9F48-A7F05CE75794}.Debug|Any CPU.ActiveCfg = Debug|Any CPU
		{FCCC84D7-2E1E-4977-9F48-A7F05CE75794}.Debug|Any CPU.Build.0 = Debug|Any CPU
		{FCCC84D7-2E1E-4977-9F48-A7F05CE75794}.Release|Any CPU.ActiveCfg = Release|Any CPU
		{FCCC84D7-2E1E-4977-9F48-A7F05CE75794}.Release|Any CPU.Build.0 = Release|Any CPU
	EndGlobalSection
	GlobalSection(SolutionProperties) = preSolution
		HideSolutionNode = FALSE
	EndGlobalSection
	GlobalSection(ExtensibilityGlobals) = postSolution
		SolutionGuid = {81A4F79C-5D78-472F-98E6-3FA7E7003B97}
	EndGlobalSection
EndGlobal
